// !$*UTF8*$!
{
	archiveVersion = 1;
	classes = {
	};
	objectVersion = 56;
	objects = {

/* Begin PBXBuildFile section */
		0AD92FE22B513151006A9452 /* AppDelegate.swift in Sources */ = {isa = PBXBuildFile; fileRef = 0AD92FE12B513151006A9452 /* AppDelegate.swift */; };
		0AD92FE42B513151006A9452 /* SceneDelegate.swift in Sources */ = {isa = PBXBuildFile; fileRef = 0AD92FE32B513151006A9452 /* SceneDelegate.swift */; };
		0AD92FE62B513151006A9452 /* MainTabBarController.swift in Sources */ = {isa = PBXBuildFile; fileRef = 0AD92FE52B513151006A9452 /* MainTabBarController.swift */; };
		0AD92FEB2B513153006A9452 /* Assets.xcassets in Resources */ = {isa = PBXBuildFile; fileRef = 0AD92FEA2B513153006A9452 /* Assets.xcassets */; };
		0AD92FEE2B513153006A9452 /* LaunchScreen.storyboard in Resources */ = {isa = PBXBuildFile; fileRef = 0AD92FEC2B513153006A9452 /* LaunchScreen.storyboard */; };
		0AD92FF62B5134F1006A9452 /* MenuViewController.swift in Sources */ = {isa = PBXBuildFile; fileRef = 0AD92FF52B5134F1006A9452 /* MenuViewController.swift */; };
		0AD92FF82B51351A006A9452 /* СontactsViewController.swift in Sources */ = {isa = PBXBuildFile; fileRef = 0AD92FF72B513519006A9452 /* СontactsViewController.swift */; };
		0AD92FFA2B513533006A9452 /* ProfileViewController.swift in Sources */ = {isa = PBXBuildFile; fileRef = 0AD92FF92B513533006A9452 /* ProfileViewController.swift */; };
		0AD92FFC2B513592006A9452 /* ShoppingCartViewController.swift in Sources */ = {isa = PBXBuildFile; fileRef = 0AD92FFB2B513592006A9452 /* ShoppingCartViewController.swift */; };
		0AD930312B52AD6B006A9452 /* FoodViewCell.swift in Sources */ = {isa = PBXBuildFile; fileRef = 0AD930302B52AD6B006A9452 /* FoodViewCell.swift */; };
		0AD930352B539994006A9452 /* CategoryView.swift in Sources */ = {isa = PBXBuildFile; fileRef = 0AD930342B539994006A9452 /* CategoryView.swift */; };
		0AD930372B53B0DB006A9452 /* BannersView.swift in Sources */ = {isa = PBXBuildFile; fileRef = 0AD930362B53B0DB006A9452 /* BannersView.swift */; };
/* End PBXBuildFile section */

/* Begin PBXFileReference section */
		0AD92FDE2B513151006A9452 /* FoodDeliveryAppUIKit.app */ = {isa = PBXFileReference; explicitFileType = wrapper.application; includeInIndex = 0; path = FoodDeliveryAppUIKit.app; sourceTree = BUILT_PRODUCTS_DIR; };
		0AD92FE12B513151006A9452 /* AppDelegate.swift */ = {isa = PBXFileReference; lastKnownFileType = sourcecode.swift; path = AppDelegate.swift; sourceTree = "<group>"; };
		0AD92FE32B513151006A9452 /* SceneDelegate.swift */ = {isa = PBXFileReference; lastKnownFileType = sourcecode.swift; path = SceneDelegate.swift; sourceTree = "<group>"; };
		0AD92FE52B513151006A9452 /* MainTabBarController.swift */ = {isa = PBXFileReference; lastKnownFileType = sourcecode.swift; path = MainTabBarController.swift; sourceTree = "<group>"; };
		0AD92FEA2B513153006A9452 /* Assets.xcassets */ = {isa = PBXFileReference; lastKnownFileType = folder.assetcatalog; path = Assets.xcassets; sourceTree = "<group>"; };
		0AD92FED2B513153006A9452 /* Base */ = {isa = PBXFileReference; lastKnownFileType = file.storyboard; name = Base; path = Base.lproj/LaunchScreen.storyboard; sourceTree = "<group>"; };
		0AD92FEF2B513153006A9452 /* Info.plist */ = {isa = PBXFileReference; lastKnownFileType = text.plist.xml; path = Info.plist; sourceTree = "<group>"; };
		0AD92FF52B5134F1006A9452 /* MenuViewController.swift */ = {isa = PBXFileReference; lastKnownFileType = sourcecode.swift; path = MenuViewController.swift; sourceTree = "<group>"; };
		0AD92FF72B513519006A9452 /* СontactsViewController.swift */ = {isa = PBXFileReference; lastKnownFileType = sourcecode.swift; path = "СontactsViewController.swift"; sourceTree = "<group>"; };
		0AD92FF92B513533006A9452 /* ProfileViewController.swift */ = {isa = PBXFileReference; lastKnownFileType = sourcecode.swift; path = ProfileViewController.swift; sourceTree = "<group>"; };
		0AD92FFB2B513592006A9452 /* ShoppingCartViewController.swift */ = {isa = PBXFileReference; lastKnownFileType = sourcecode.swift; path = ShoppingCartViewController.swift; sourceTree = "<group>"; };
		0AD930302B52AD6B006A9452 /* FoodViewCell.swift */ = {isa = PBXFileReference; lastKnownFileType = sourcecode.swift; path = FoodViewCell.swift; sourceTree = "<group>"; };
		0AD930342B539994006A9452 /* CategoryView.swift */ = {isa = PBXFileReference; lastKnownFileType = sourcecode.swift; path = CategoryView.swift; sourceTree = "<group>"; };
		0AD930362B53B0DB006A9452 /* BannersView.swift */ = {isa = PBXFileReference; lastKnownFileType = sourcecode.swift; path = BannersView.swift; sourceTree = "<group>"; };
/* End PBXFileReference section */

/* Begin PBXFrameworksBuildPhase section */
		0AD92FDB2B513151006A9452 /* Frameworks */ = {
			isa = PBXFrameworksBuildPhase;
			buildActionMask = 2147483647;
			files = (
			);
			runOnlyForDeploymentPostprocessing = 0;
		};
/* End PBXFrameworksBuildPhase section */

/* Begin PBXGroup section */
		0AD92FD52B513151006A9452 = {
			isa = PBXGroup;
			children = (
				0AD92FE02B513151006A9452 /* FoodDeliveryAppUIKit */,
				0AD92FDF2B513151006A9452 /* Products */,
			);
			sourceTree = "<group>";
		};
		0AD92FDF2B513151006A9452 /* Products */ = {
			isa = PBXGroup;
			children = (
				0AD92FDE2B513151006A9452 /* FoodDeliveryAppUIKit.app */,
			);
			name = Products;
			sourceTree = "<group>";
		};
		0AD92FE02B513151006A9452 /* FoodDeliveryAppUIKit */ = {
			isa = PBXGroup;
			children = (
				0AD9302E2B52AD3D006A9452 /* Views */,
				0AD9301D2B52953D006A9452 /* Fonts */,
				0AD92FE12B513151006A9452 /* AppDelegate.swift */,
				0AD92FE32B513151006A9452 /* SceneDelegate.swift */,
				0AD92FE52B513151006A9452 /* MainTabBarController.swift */,
				0AD92FEA2B513153006A9452 /* Assets.xcassets */,
				0AD92FEC2B513153006A9452 /* LaunchScreen.storyboard */,
				0AD92FEF2B513153006A9452 /* Info.plist */,
				0AD92FF52B5134F1006A9452 /* MenuViewController.swift */,
				0AD92FF72B513519006A9452 /* СontactsViewController.swift */,
				0AD92FF92B513533006A9452 /* ProfileViewController.swift */,
				0AD92FFB2B513592006A9452 /* ShoppingCartViewController.swift */,
			);
			path = FoodDeliveryAppUIKit;
			sourceTree = "<group>";
		};
		0AD9301D2B52953D006A9452 /* Fonts */ = {
			isa = PBXGroup;
			children = (
			);
			path = Fonts;
			sourceTree = "<group>";
		};
		0AD9302E2B52AD3D006A9452 /* Views */ = {
			isa = PBXGroup;
			children = (
				0AD930302B52AD6B006A9452 /* FoodViewCell.swift */,
				0AD930342B539994006A9452 /* CategoryView.swift */,
				0AD930362B53B0DB006A9452 /* BannersView.swift */,
			);
			path = Views;
			sourceTree = "<group>";
		};
/* End PBXGroup section */

/* Begin PBXNativeTarget section */
		0AD92FDD2B513151006A9452 /* FoodDeliveryAppUIKit */ = {
			isa = PBXNativeTarget;
			buildConfigurationList = 0AD92FF22B513153006A9452 /* Build configuration list for PBXNativeTarget "FoodDeliveryAppUIKit" */;
			buildPhases = (
				0AD92FDA2B513151006A9452 /* Sources */,
				0AD92FDB2B513151006A9452 /* Frameworks */,
				0AD92FDC2B513151006A9452 /* Resources */,
			);
			buildRules = (
			);
			dependencies = (
			);
			name = FoodDeliveryAppUIKit;
			productName = FoodDeliveryAppUIKit;
			productReference = 0AD92FDE2B513151006A9452 /* FoodDeliveryAppUIKit.app */;
			productType = "com.apple.product-type.application";
		};
/* End PBXNativeTarget section */

/* Begin PBXProject section */
		0AD92FD62B513151006A9452 /* Project object */ = {
			isa = PBXProject;
			attributes = {
				BuildIndependentTargetsInParallel = 1;
				LastSwiftUpdateCheck = 1510;
				LastUpgradeCheck = 1510;
				TargetAttributes = {
					0AD92FDD2B513151006A9452 = {
						CreatedOnToolsVersion = 15.1;
					};
				};
			};
			buildConfigurationList = 0AD92FD92B513151006A9452 /* Build configuration list for PBXProject "FoodDeliveryAppUIKit" */;
			compatibilityVersion = "Xcode 14.0";
			developmentRegion = en;
			hasScannedForEncodings = 0;
			knownRegions = (
				en,
				Base,
			);
			mainGroup = 0AD92FD52B513151006A9452;
			productRefGroup = 0AD92FDF2B513151006A9452 /* Products */;
			projectDirPath = "";
			projectRoot = "";
			targets = (
				0AD92FDD2B513151006A9452 /* FoodDeliveryAppUIKit */,
			);
		};
/* End PBXProject section */

/* Begin PBXResourcesBuildPhase section */
		0AD92FDC2B513151006A9452 /* Resources */ = {
			isa = PBXResourcesBuildPhase;
			buildActionMask = 2147483647;
			files = (
				0AD92FEE2B513153006A9452 /* LaunchScreen.storyboard in Resources */,
				0AD92FEB2B513153006A9452 /* Assets.xcassets in Resources */,
			);
			runOnlyForDeploymentPostprocessing = 0;
		};
/* End PBXResourcesBuildPhase section */

/* Begin PBXSourcesBuildPhase section */
		0AD92FDA2B513151006A9452 /* Sources */ = {
			isa = PBXSourcesBuildPhase;
			buildActionMask = 2147483647;
			files = (
				0AD92FFA2B513533006A9452 /* ProfileViewController.swift in Sources */,
				0AD92FFC2B513592006A9452 /* ShoppingCartViewController.swift in Sources */,
				0AD92FE62B513151006A9452 /* MainTabBarController.swift in Sources */,
				0AD930312B52AD6B006A9452 /* FoodViewCell.swift in Sources */,
				0AD930372B53B0DB006A9452 /* BannersView.swift in Sources */,
				0AD92FE22B513151006A9452 /* AppDelegate.swift in Sources */,
				0AD92FF82B51351A006A9452 /* СontactsViewController.swift in Sources */,
				0AD92FE42B513151006A9452 /* SceneDelegate.swift in Sources */,
				0AD92FF62B5134F1006A9452 /* MenuViewController.swift in Sources */,
				0AD930352B539994006A9452 /* CategoryView.swift in Sources */,
			);
			runOnlyForDeploymentPostprocessing = 0;
		};
/* End PBXSourcesBuildPhase section */

/* Begin PBXVariantGroup section */
		0AD92FEC2B513153006A9452 /* LaunchScreen.storyboard */ = {
			isa = PBXVariantGroup;
			children = (
				0AD92FED2B513153006A9452 /* Base */,
			);
			name = LaunchScreen.storyboard;
			sourceTree = "<group>";
		};
/* End PBXVariantGroup section */

/* Begin XCBuildConfiguration section */
		0AD92FF02B513153006A9452 /* Debug */ = {
			isa = XCBuildConfiguration;
			buildSettings = {
				ALWAYS_SEARCH_USER_PATHS = NO;
				ASSETCATALOG_COMPILER_GENERATE_SWIFT_ASSET_SYMBOL_EXTENSIONS = YES;
				CLANG_ANALYZER_NONNULL = YES;
				CLANG_ANALYZER_NUMBER_OBJECT_CONVERSION = YES_AGGRESSIVE;
				CLANG_CXX_LANGUAGE_STANDARD = "gnu++20";
				CLANG_ENABLE_MODULES = YES;
				CLANG_ENABLE_OBJC_ARC = YES;
				CLANG_ENABLE_OBJC_WEAK = YES;
				CLANG_WARN_BLOCK_CAPTURE_AUTORELEASING = YES;
				CLANG_WARN_BOOL_CONVERSION = YES;
				CLANG_WARN_COMMA = YES;
				CLANG_WARN_CONSTANT_CONVERSION = YES;
				CLANG_WARN_DEPRECATED_OBJC_IMPLEMENTATIONS = YES;
				CLANG_WARN_DIRECT_OBJC_ISA_USAGE = YES_ERROR;
				CLANG_WARN_DOCUMENTATION_COMMENTS = YES;
				CLANG_WARN_EMPTY_BODY = YES;
				CLANG_WARN_ENUM_CONVERSION = YES;
				CLANG_WARN_INFINITE_RECURSION = YES;
				CLANG_WARN_INT_CONVERSION = YES;
				CLANG_WARN_NON_LITERAL_NULL_CONVERSION = YES;
				CLANG_WARN_OBJC_IMPLICIT_RETAIN_SELF = YES;
				CLANG_WARN_OBJC_LITERAL_CONVERSION = YES;
				CLANG_WARN_OBJC_ROOT_CLASS = YES_ERROR;
				CLANG_WARN_QUOTED_INCLUDE_IN_FRAMEWORK_HEADER = YES;
				CLANG_WARN_RANGE_LOOP_ANALYSIS = YES;
				CLANG_WARN_STRICT_PROTOTYPES = YES;
				CLANG_WARN_SUSPICIOUS_MOVE = YES;
				CLANG_WARN_UNGUARDED_AVAILABILITY = YES_AGGRESSIVE;
				CLANG_WARN_UNREACHABLE_CODE = YES;
				CLANG_WARN__DUPLICATE_METHOD_MATCH = YES;
				COPY_PHASE_STRIP = NO;
				DEBUG_INFORMATION_FORMAT = dwarf;
				ENABLE_STRICT_OBJC_MSGSEND = YES;
				ENABLE_TESTABILITY = YES;
				ENABLE_USER_SCRIPT_SANDBOXING = YES;
				GCC_C_LANGUAGE_STANDARD = gnu17;
				GCC_DYNAMIC_NO_PIC = NO;
				GCC_NO_COMMON_BLOCKS = YES;
				GCC_OPTIMIZATION_LEVEL = 0;
				GCC_PREPROCESSOR_DEFINITIONS = (
					"DEBUG=1",
					"$(inherited)",
				);
				GCC_WARN_64_TO_32_BIT_CONVERSION = YES;
				GCC_WARN_ABOUT_RETURN_TYPE = YES_ERROR;
				GCC_WARN_UNDECLARED_SELECTOR = YES;
				GCC_WARN_UNINITIALIZED_AUTOS = YES_AGGRESSIVE;
				GCC_WARN_UNUSED_FUNCTION = YES;
				GCC_WARN_UNUSED_VARIABLE = YES;
				IPHONEOS_DEPLOYMENT_TARGET = 17.2;
				LOCALIZATION_PREFERS_STRING_CATALOGS = YES;
				MTL_ENABLE_DEBUG_INFO = INCLUDE_SOURCE;
				MTL_FAST_MATH = YES;
				ONLY_ACTIVE_ARCH = YES;
				SDKROOT = iphoneos;
				SWIFT_ACTIVE_COMPILATION_CONDITIONS = "DEBUG $(inherited)";
				SWIFT_OPTIMIZATION_LEVEL = "-Onone";
			};
			name = Debug;
		};
		0AD92FF12B513153006A9452 /* Release */ = {
			isa = XCBuildConfiguration;
			buildSettings = {
				ALWAYS_SEARCH_USER_PATHS = NO;
				ASSETCATALOG_COMPILER_GENERATE_SWIFT_ASSET_SYMBOL_EXTENSIONS = YES;
				CLANG_ANALYZER_NONNULL = YES;
				CLANG_ANALYZER_NUMBER_OBJECT_CONVERSION = YES_AGGRESSIVE;
				CLANG_CXX_LANGUAGE_STANDARD = "gnu++20";
				CLANG_ENABLE_MODULES = YES;
				CLANG_ENABLE_OBJC_ARC = YES;
				CLANG_ENABLE_OBJC_WEAK = YES;
				CLANG_WARN_BLOCK_CAPTURE_AUTORELEASING = YES;
				CLANG_WARN_BOOL_CONVERSION = YES;
				CLANG_WARN_COMMA = YES;
				CLANG_WARN_CONSTANT_CONVERSION = YES;
				CLANG_WARN_DEPRECATED_OBJC_IMPLEMENTATIONS = YES;
				CLANG_WARN_DIRECT_OBJC_ISA_USAGE = YES_ERROR;
				CLANG_WARN_DOCUMENTATION_COMMENTS = YES;
				CLANG_WARN_EMPTY_BODY = YES;
				CLANG_WARN_ENUM_CONVERSION = YES;
				CLANG_WARN_INFINITE_RECURSION = YES;
				CLANG_WARN_INT_CONVERSION = YES;
				CLANG_WARN_NON_LITERAL_NULL_CONVERSION = YES;
				CLANG_WARN_OBJC_IMPLICIT_RETAIN_SELF = YES;
				CLANG_WARN_OBJC_LITERAL_CONVERSION = YES;
				CLANG_WARN_OBJC_ROOT_CLASS = YES_ERROR;
				CLANG_WARN_QUOTED_INCLUDE_IN_FRAMEWORK_HEADER = YES;
				CLANG_WARN_RANGE_LOOP_ANALYSIS = YES;
				CLANG_WARN_STRICT_PROTOTYPES = YES;
				CLANG_WARN_SUSPICIOUS_MOVE = YES;
				CLANG_WARN_UNGUARDED_AVAILABILITY = YES_AGGRESSIVE;
				CLANG_WARN_UNREACHABLE_CODE = YES;
				CLANG_WARN__DUPLICATE_METHOD_MATCH = YES;
				COPY_PHASE_STRIP = NO;
				DEBUG_INFORMATION_FORMAT = "dwarf-with-dsym";
				ENABLE_NS_ASSERTIONS = NO;
				ENABLE_STRICT_OBJC_MSGSEND = YES;
				ENABLE_USER_SCRIPT_SANDBOXING = YES;
				GCC_C_LANGUAGE_STANDARD = gnu17;
				GCC_NO_COMMON_BLOCKS = YES;
				GCC_WARN_64_TO_32_BIT_CONVERSION = YES;
				GCC_WARN_ABOUT_RETURN_TYPE = YES_ERROR;
				GCC_WARN_UNDECLARED_SELECTOR = YES;
				GCC_WARN_UNINITIALIZED_AUTOS = YES_AGGRESSIVE;
				GCC_WARN_UNUSED_FUNCTION = YES;
				GCC_WARN_UNUSED_VARIABLE = YES;
				IPHONEOS_DEPLOYMENT_TARGET = 17.2;
				LOCALIZATION_PREFERS_STRING_CATALOGS = YES;
				MTL_ENABLE_DEBUG_INFO = NO;
				MTL_FAST_MATH = YES;
				SDKROOT = iphoneos;
				SWIFT_COMPILATION_MODE = wholemodule;
				VALIDATE_PRODUCT = YES;
			};
			name = Release;
		};
		0AD92FF32B513153006A9452 /* Debug */ = {
			isa = XCBuildConfiguration;
			buildSettings = {
				ASSETCATALOG_COMPILER_APPICON_NAME = AppIcon;
				ASSETCATALOG_COMPILER_GLOBAL_ACCENT_COLOR_NAME = AccentColor;
				CODE_SIGN_STYLE = Automatic;
				CURRENT_PROJECT_VERSION = 1;
				DEVELOPMENT_TEAM = 73Z496PNBT;
				GENERATE_INFOPLIST_FILE = YES;
				INFOPLIST_FILE = FoodDeliveryAppUIKit/Info.plist;
				INFOPLIST_KEY_UIApplicationSupportsIndirectInputEvents = YES;
				INFOPLIST_KEY_UILaunchStoryboardName = LaunchScreen;
				INFOPLIST_KEY_UIMainStoryboardFile = "";
				INFOPLIST_KEY_UISupportedInterfaceOrientations_iPad = "UIInterfaceOrientationPortrait UIInterfaceOrientationPortraitUpsideDown UIInterfaceOrientationLandscapeLeft UIInterfaceOrientationLandscapeRight";
				INFOPLIST_KEY_UISupportedInterfaceOrientations_iPhone = "UIInterfaceOrientationPortrait UIInterfaceOrientationLandscapeLeft UIInterfaceOrientationLandscapeRight";
				IPHONEOS_DEPLOYMENT_TARGET = 17.0;
				LD_RUNPATH_SEARCH_PATHS = (
					"$(inherited)",
					"@executable_path/Frameworks",
				);
				MARKETING_VERSION = 1.0;
				PRODUCT_BUNDLE_IDENTIFIER = ru.kniksees.FoodDeliveryAppUIKit;
				PRODUCT_NAME = "$(TARGET_NAME)";
				SWIFT_EMIT_LOC_STRINGS = YES;
				SWIFT_VERSION = 5.0;
				TARGETED_DEVICE_FAMILY = "1,2";
			};
			name = Debug;
		};
		0AD92FF42B513153006A9452 /* Release */ = {
			isa = XCBuildConfiguration;
			buildSettings = {
				ASSETCATALOG_COMPILER_APPICON_NAME = AppIcon;
				ASSETCATALOG_COMPILER_GLOBAL_ACCENT_COLOR_NAME = AccentColor;
				CODE_SIGN_STYLE = Automatic;
				CURRENT_PROJECT_VERSION = 1;
				DEVELOPMENT_TEAM = 73Z496PNBT;
				GENERATE_INFOPLIST_FILE = YES;
				INFOPLIST_FILE = FoodDeliveryAppUIKit/Info.plist;
				INFOPLIST_KEY_UIApplicationSupportsIndirectInputEvents = YES;
				INFOPLIST_KEY_UILaunchStoryboardName = LaunchScreen;
				INFOPLIST_KEY_UIMainStoryboardFile = "";
				INFOPLIST_KEY_UISupportedInterfaceOrientations_iPad = "UIInterfaceOrientationPortrait UIInterfaceOrientationPortraitUpsideDown UIInterfaceOrientationLandscapeLeft UIInterfaceOrientationLandscapeRight";
				INFOPLIST_KEY_UISupportedInterfaceOrientations_iPhone = "UIInterfaceOrientationPortrait UIInterfaceOrientationLandscapeLeft UIInterfaceOrientationLandscapeRight";
				IPHONEOS_DEPLOYMENT_TARGET = 17.0;
				LD_RUNPATH_SEARCH_PATHS = (
					"$(inherited)",
					"@executable_path/Frameworks",
				);
				MARKETING_VERSION = 1.0;
				PRODUCT_BUNDLE_IDENTIFIER = ru.kniksees.FoodDeliveryAppUIKit;
				PRODUCT_NAME = "$(TARGET_NAME)";
				SWIFT_EMIT_LOC_STRINGS = YES;
				SWIFT_VERSION = 5.0;
				TARGETED_DEVICE_FAMILY = "1,2";
			};
			name = Release;
		};
/* End XCBuildConfiguration section */

/* Begin XCConfigurationList section */
		0AD92FD92B513151006A9452 /* Build configuration list for PBXProject "FoodDeliveryAppUIKit" */ = {
			isa = XCConfigurationList;
			buildConfigurations = (
				0AD92FF02B513153006A9452 /* Debug */,
				0AD92FF12B513153006A9452 /* Release */,
			);
			defaultConfigurationIsVisible = 0;
			defaultConfigurationName = Release;
		};
		0AD92FF22B513153006A9452 /* Build configuration list for PBXNativeTarget "FoodDeliveryAppUIKit" */ = {
			isa = XCConfigurationList;
			buildConfigurations = (
				0AD92FF32B513153006A9452 /* Debug */,
				0AD92FF42B513153006A9452 /* Release */,
			);
			defaultConfigurationIsVisible = 0;
			defaultConfigurationName = Release;
		};
/* End XCConfigurationList section */
	};
	rootObject = 0AD92FD62B513151006A9452 /* Project object */;
}
